Microsoft Visual Studio Solution File, Format Version 11.00
# Visual Studio 2010
Project("{2150E333-8FDC-42A3-9474-1A3956D46DE8}") = "(allocator)", "..\..\..\base\allocator", "{6478B9F3-4858-63F4-35F4-98A303E305F3}"
EndProject
Project("{2150E333-8FDC-42A3-9474-1A3956D46DE8}") = "(base)", "..\..\..\base", "{9785FB75-982A-5DE3-252D-3F288B9FEF5B}"
EndProject
Project("{2150E333-8FDC-42A3-9474-1A3956D46DE8}") = "(testing)", "..\..\..\testing", "{EAC80D00-01D2-3F49-A377-20B7154947F3}"
EndProject
Project("{2150E333-8FDC-42A3-9474-1A3956D46DE8}") = "(third_party)", "..\..\..\base\third_party", "{3E7FA5AF-27B3-2DE0-883C-12F98E7F4E81}"
EndProject
Project("{2150E333-8FDC-42A3-9474-1A3956D46DE8}") = "(third_party)", "..\..\..\third_party", "{89C816A7-DD31-D54C-C69C-5A80E0C49B77}"
EndProject
Project("{8BC9CEB8-8B4A-11D0-8D11-00A0C91BC942}") = "allocator", "allocator.vcxproj", "{FA282D71-512F-3875-D143-C4566A8BE9B6}"
	ProjectSection(ProjectDependencies) = postProject
		{93045503-E80B-07B1-7760-7FA894CC1A44} = {93045503-E80B-07B1-7760-7FA894CC1A44}
	EndProjectSection
EndProject
Project("{8BC9CEB8-8B4A-11D0-8D11-00A0C91BC942}") = "allocator_extension_thunks", "allocator_extension_thunks.vcxproj", "{4824D616-0A12-8D8C-001D-D96E2BA6E6FD}"
EndProject
Project("{8BC9CEB8-8B4A-11D0-8D11-00A0C91BC942}") = "allocator_extension_thunks_win64", "allocator_extension_thunks_win64.vcxproj", "{F43E93C6-8E9E-C3A6-5762-D32FCB86FDC4}"
EndProject
Project("{8BC9CEB8-8B4A-11D0-8D11-00A0C91BC942}") = "allocator_unittests", "allocator_unittests.vcxproj", "{33195FCD-4CE3-1ADC-C0E2-BA4C77A8EB6A}"
	ProjectSection(ProjectDependencies) = postProject
		{FA282D71-512F-3875-D143-C4566A8BE9B6} = {FA282D71-512F-3875-D143-C4566A8BE9B6}
		{4824D616-0A12-8D8C-001D-D96E2BA6E6FD} = {4824D616-0A12-8D8C-001D-D96E2BA6E6FD}
		{47E8DE5F-12BB-F1DA-A940-C2EF51F01057} = {47E8DE5F-12BB-F1DA-A940-C2EF51F01057}
		{8C8AF325-B078-32BD-7996-90FE9F8A5F51} = {8C8AF325-B078-32BD-7996-90FE9F8A5F51}
		{93045503-E80B-07B1-7760-7FA894CC1A44} = {93045503-E80B-07B1-7760-7FA894CC1A44}
		{6425AC1D-FE89-3736-C032-D8CBF18696BF} = {6425AC1D-FE89-3736-C032-D8CBF18696BF}
	EndProjectSection
EndProject
Project("{8BC9CEB8-8B4A-11D0-8D11-00A0C91BC942}") = "base", "..\base.vcxproj", "{62F12FEE-F44C-ED0A-A0CC-C4F18578EC7D}"
	ProjectSection(ProjectDependencies) = postProject
		{219EA407-3AB4-B58E-8600-D487A9ED11CB} = {219EA407-3AB4-B58E-8600-D487A9ED11CB}
		{4824D616-0A12-8D8C-001D-D96E2BA6E6FD} = {4824D616-0A12-8D8C-001D-D96E2BA6E6FD}
		{6425AC1D-FE89-3736-C032-D8CBF18696BF} = {6425AC1D-FE89-3736-C032-D8CBF18696BF}
		{68998A8D-2130-FE21-1F45-184D250C3D54} = {68998A8D-2130-FE21-1F45-184D250C3D54}
		{8C8AF325-B078-32BD-7996-90FE9F8A5F51} = {8C8AF325-B078-32BD-7996-90FE9F8A5F51}
	EndProjectSection
EndProject
Project("{8BC9CEB8-8B4A-11D0-8D11-00A0C91BC942}") = "base_static", "..\base_static.vcxproj", "{219EA407-3AB4-B58E-8600-D487A9ED11CB}"
EndProject
Project("{8BC9CEB8-8B4A-11D0-8D11-00A0C91BC942}") = "dynamic_annotations", "..\third_party\dynamic_annotations\dynamic_annotations.vcxproj", "{8C8AF325-B078-32BD-7996-90FE9F8A5F51}"
EndProject
Project("{8BC9CEB8-8B4A-11D0-8D11-00A0C91BC942}") = "gtest", "..\..\testing\gtest.vcxproj", "{47E8DE5F-12BB-F1DA-A940-C2EF51F01057}"
	ProjectSection(ProjectDependencies) = postProject
		{6425AC1D-FE89-3736-C032-D8CBF18696BF} = {6425AC1D-FE89-3736-C032-D8CBF18696BF}
	EndProjectSection
EndProject
Project("{8BC9CEB8-8B4A-11D0-8D11-00A0C91BC942}") = "gtest_prod", "..\..\testing\gtest_prod.vcxproj", "{6425AC1D-FE89-3736-C032-D8CBF18696BF}"
EndProject
Project("{8BC9CEB8-8B4A-11D0-8D11-00A0C91BC942}") = "libcmt", "libcmt.vcxproj", "{93045503-E80B-07B1-7760-7FA894CC1A44}"
EndProject
Project("{8BC9CEB8-8B4A-11D0-8D11-00A0C91BC942}") = "modp_b64", "..\..\third_party\modp_b64\modp_b64.vcxproj", "{68998A8D-2130-FE21-1F45-184D250C3D54}"
EndProject
Project("{8BC9CEB8-8B4A-11D0-8D11-00A0C91BC942}") = "tcmalloc_unittest", "tcmalloc_unittest.vcxproj", "{75C64EB1-5D70-7667-4F55-CF19C8406355}"
	ProjectSection(ProjectDependencies) = postProject
		{47E8DE5F-12BB-F1DA-A940-C2EF51F01057} = {47E8DE5F-12BB-F1DA-A940-C2EF51F01057}
		{62F12FEE-F44C-ED0A-A0CC-C4F18578EC7D} = {62F12FEE-F44C-ED0A-A0CC-C4F18578EC7D}
		{FA282D71-512F-3875-D143-C4566A8BE9B6} = {FA282D71-512F-3875-D143-C4566A8BE9B6}
		{6425AC1D-FE89-3736-C032-D8CBF18696BF} = {6425AC1D-FE89-3736-C032-D8CBF18696BF}
		{8C8AF325-B078-32BD-7996-90FE9F8A5F51} = {8C8AF325-B078-32BD-7996-90FE9F8A5F51}
		{93045503-E80B-07B1-7760-7FA894CC1A44} = {93045503-E80B-07B1-7760-7FA894CC1A44}
	EndProjectSection
EndProject
Global
	GlobalSection(SolutionConfigurationPlatforms) = preSolution
		Release|x64 = Release|x64
		Debug|Win32 = Debug|Win32
		Debug|x64 = Debug|x64
		Release|Win32 = Release|Win32
	EndGlobalSection
	GlobalSection(ProjectConfigurationPlatforms) = postSolution
		{219EA407-3AB4-B58E-8600-D487A9ED11CB}.Release|x64.ActiveCfg = Release|x64
		{219EA407-3AB4-B58E-8600-D487A9ED11CB}.Release|x64.Build.0 = Release|x64
		{219EA407-3AB4-B58E-8600-D487A9ED11CB}.Debug|Win32.ActiveCfg = Debug|Win32
		{219EA407-3AB4-B58E-8600-D487A9ED11CB}.Debug|Win32.Build.0 = Debug|Win32
		{219EA407-3AB4-B58E-8600-D487A9ED11CB}.Debug|x64.ActiveCfg = Debug|x64
		{219EA407-3AB4-B58E-8600-D487A9ED11CB}.Debug|x64.Build.0 = Debug|x64
		{219EA407-3AB4-B58E-8600-D487A9ED11CB}.Release|Win32.ActiveCfg = Release|Win32
		{219EA407-3AB4-B58E-8600-D487A9ED11CB}.Release|Win32.Build.0 = Release|Win32
		{33195FCD-4CE3-1ADC-C0E2-BA4C77A8EB6A}.Release|x64.ActiveCfg = Release|x64
		{33195FCD-4CE3-1ADC-C0E2-BA4C77A8EB6A}.Release|x64.Build.0 = Release|x64
		{33195FCD-4CE3-1ADC-C0E2-BA4C77A8EB6A}.Debug|Win32.ActiveCfg = Debug|Win32
		{33195FCD-4CE3-1ADC-C0E2-BA4C77A8EB6A}.Debug|Win32.Build.0 = Debug|Win32
		{33195FCD-4CE3-1ADC-C0E2-BA4C77A8EB6A}.Debug|x64.ActiveCfg = Debug|x64
		{33195FCD-4CE3-1ADC-C0E2-BA4C77A8EB6A}.Debug|x64.Build.0 = Debug|x64
		{33195FCD-4CE3-1ADC-C0E2-BA4C77A8EB6A}.Release|Win32.ActiveCfg = Release|Win32
		{33195FCD-4CE3-1ADC-C0E2-BA4C77A8EB6A}.Release|Win32.Build.0 = Release|Win32
		{47E8DE5F-12BB-F1DA-A940-C2EF51F01057}.Release|x64.ActiveCfg = Release|x64
		{47E8DE5F-12BB-F1DA-A940-C2EF51F01057}.Release|x64.Build.0 = Release|x64
		{47E8DE5F-12BB-F1DA-A940-C2EF51F01057}.Debug|Win32.ActiveCfg = Debug|Win32
		{47E8DE5F-12BB-F1DA-A940-C2EF51F01057}.Debug|Win32.Build.0 = Debug|Win32
		{47E8DE5F-12BB-F1DA-A940-C2EF51F01057}.Debug|x64.ActiveCfg = Debug|x64
		{47E8DE5F-12BB-F1DA-A940-C2EF51F01057}.Debug|x64.Build.0 = Debug|x64
		{47E8DE5F-12BB-F1DA-A940-C2EF51F01057}.Release|Win32.ActiveCfg = Release|Win32
		{47E8DE5F-12BB-F1DA-A940-C2EF51F01057}.Release|Win32.Build.0 = Release|Win32
		{4824D616-0A12-8D8C-001D-D96E2BA6E6FD}.Release|x64.ActiveCfg = Release|x64
		{4824D616-0A12-8D8C-001D-D96E2BA6E6FD}.Release|x64.Build.0 = Release|x64
		{4824D616-0A12-8D8C-001D-D96E2BA6E6FD}.Debug|Win32.ActiveCfg = Debug|Win32
		{4824D616-0A12-8D8C-001D-D96E2BA6E6FD}.Debug|Win32.Build.0 = Debug|Win32
		{4824D616-0A12-8D8C-001D-D96E2BA6E6FD}.Debug|x64.ActiveCfg = Debug|x64
		{4824D616-0A12-8D8C-001D-D96E2BA6E6FD}.Debug|x64.Build.0 = Debug|x64
		{4824D616-0A12-8D8C-001D-D96E2BA6E6FD}.Release|Win32.ActiveCfg = Release|Win32
		{4824D616-0A12-8D8C-001D-D96E2BA6E6FD}.Release|Win32.Build.0 = Release|Win32
		{62F12FEE-F44C-ED0A-A0CC-C4F18578EC7D}.Release|x64.ActiveCfg = Release|x64
		{62F12FEE-F44C-ED0A-A0CC-C4F18578EC7D}.Release|x64.Build.0 = Release|x64
		{62F12FEE-F44C-ED0A-A0CC-C4F18578EC7D}.Debug|Win32.ActiveCfg = Debug|Win32
		{62F12FEE-F44C-ED0A-A0CC-C4F18578EC7D}.Debug|Win32.Build.0 = Debug|Win32
		{62F12FEE-F44C-ED0A-A0CC-C4F18578EC7D}.Debug|x64.ActiveCfg = Debug|x64
		{62F12FEE-F44C-ED0A-A0CC-C4F18578EC7D}.Debug|x64.Build.0 = Debug|x64
		{62F12FEE-F44C-ED0A-A0CC-C4F18578EC7D}.Release|Win32.ActiveCfg = Release|Win32
		{62F12FEE-F44C-ED0A-A0CC-C4F18578EC7D}.Release|Win32.Build.0 = Release|Win32
		{6425AC1D-FE89-3736-C032-D8CBF18696BF}.Release|x64.ActiveCfg = Release|x64
		{6425AC1D-FE89-3736-C032-D8CBF18696BF}.Release|x64.Build.0 = Release|x64
		{6425AC1D-FE89-3736-C032-D8CBF18696BF}.Debug|Win32.ActiveCfg = Debug|Win32
		{6425AC1D-FE89-3736-C032-D8CBF18696BF}.Debug|Win32.Build.0 = Debug|Win32
		{6425AC1D-FE89-3736-C032-D8CBF18696BF}.Debug|x64.ActiveCfg = Debug|x64
		{6425AC1D-FE89-3736-C032-D8CBF18696BF}.Debug|x64.Build.0 = Debug|x64
		{6425AC1D-FE89-3736-C032-D8CBF18696BF}.Release|Win32.ActiveCfg = Release|Win32
		{6425AC1D-FE89-3736-C032-D8CBF18696BF}.Release|Win32.Build.0 = Release|Win32
		{68998A8D-2130-FE21-1F45-184D250C3D54}.Release|x64.ActiveCfg = Release|x64
		{68998A8D-2130-FE21-1F45-184D250C3D54}.Release|x64.Build.0 = Release|x64
		{68998A8D-2130-FE21-1F45-184D250C3D54}.Debug|Win32.ActiveCfg = Debug|Win32
		{68998A8D-2130-FE21-1F45-184D250C3D54}.Debug|Win32.Build.0 = Debug|Win32
		{68998A8D-2130-FE21-1F45-184D250C3D54}.Debug|x64.ActiveCfg = Debug|x64
		{68998A8D-2130-FE21-1F45-184D250C3D54}.Debug|x64.Build.0 = Debug|x64
		{68998A8D-2130-FE21-1F45-184D250C3D54}.Release|Win32.ActiveCfg = Release|Win32
		{68998A8D-2130-FE21-1F45-184D250C3D54}.Release|Win32.Build.0 = Release|Win32
		{75C64EB1-5D70-7667-4F55-CF19C8406355}.Release|x64.ActiveCfg = Release|x64
		{75C64EB1-5D70-7667-4F55-CF19C8406355}.Release|x64.Build.0 = Release|x64
		{75C64EB1-5D70-7667-4F55-CF19C8406355}.Debug|Win32.ActiveCfg = Debug|Win32
		{75C64EB1-5D70-7667-4F55-CF19C8406355}.Debug|Win32.Build.0 = Debug|Win32
		{75C64EB1-5D70-7667-4F55-CF19C8406355}.Debug|x64.ActiveCfg = Debug|x64
		{75C64EB1-5D70-7667-4F55-CF19C8406355}.Debug|x64.Build.0 = Debug|x64
		{75C64EB1-5D70-7667-4F55-CF19C8406355}.Release|Win32.ActiveCfg = Release|Win32
		{75C64EB1-5D70-7667-4F55-CF19C8406355}.Release|Win32.Build.0 = Release|Win32
		{8C8AF325-B078-32BD-7996-90FE9F8A5F51}.Release|x64.ActiveCfg = Release|x64
		{8C8AF325-B078-32BD-7996-90FE9F8A5F51}.Release|x64.Build.0 = Release|x64
		{8C8AF325-B078-32BD-7996-90FE9F8A5F51}.Debug|Win32.ActiveCfg = Debug|Win32
		{8C8AF325-B078-32BD-7996-90FE9F8A5F51}.Debug|Win32.Build.0 = Debug|Win32
		{8C8AF325-B078-32BD-7996-90FE9F8A5F51}.Debug|x64.ActiveCfg = Debug|x64
		{8C8AF325-B078-32BD-7996-90FE9F8A5F51}.Debug|x64.Build.0 = Debug|x64
		{8C8AF325-B078-32BD-7996-90FE9F8A5F51}.Release|Win32.ActiveCfg = Release|Win32
		{8C8AF325-B078-32BD-7996-90FE9F8A5F51}.Release|Win32.Build.0 = Release|Win32
		{93045503-E80B-07B1-7760-7FA894CC1A44}.Release|x64.ActiveCfg = Release|x64
		{93045503-E80B-07B1-7760-7FA894CC1A44}.Release|x64.Build.0 = Release|x64
		{93045503-E80B-07B1-7760-7FA894CC1A44}.Debug|Win32.ActiveCfg = Debug|Win32
		{93045503-E80B-07B1-7760-7FA894CC1A44}.Debug|Win32.Build.0 = Debug|Win32
		{93045503-E80B-07B1-7760-7FA894CC1A44}.Debug|x64.ActiveCfg = Debug|x64
		{93045503-E80B-07B1-7760-7FA894CC1A44}.Debug|x64.Build.0 = Debug|x64
		{93045503-E80B-07B1-7760-7FA894CC1A44}.Release|Win32.ActiveCfg = Release|Win32
		{93045503-E80B-07B1-7760-7FA894CC1A44}.Release|Win32.Build.0 = Release|Win32
		{F43E93C6-8E9E-C3A6-5762-D32FCB86FDC4}.Release|x64.ActiveCfg = Release|x64
		{F43E93C6-8E9E-C3A6-5762-D32FCB86FDC4}.Release|x64.Build.0 = Release|x64
		{F43E93C6-8E9E-C3A6-5762-D32FCB86FDC4}.Debug|Win32.ActiveCfg = Debug|x64
		{F43E93C6-8E9E-C3A6-5762-D32FCB86FDC4}.Debug|Win32.Build.0 = Debug|x64
		{F43E93C6-8E9E-C3A6-5762-D32FCB86FDC4}.Debug|x64.ActiveCfg = Debug|x64
		{F43E93C6-8E9E-C3A6-5762-D32FCB86FDC4}.Debug|x64.Build.0 = Debug|x64
		{F43E93C6-8E9E-C3A6-5762-D32FCB86FDC4}.Release|Win32.ActiveCfg = Release|x64
		{F43E93C6-8E9E-C3A6-5762-D32FCB86FDC4}.Release|Win32.Build.0 = Release|x64
		{FA282D71-512F-3875-D143-C4566A8BE9B6}.Release|x64.ActiveCfg = Release|x64
		{FA282D71-512F-3875-D143-C4566A8BE9B6}.Release|x64.Build.0 = Release|x64
		{FA282D71-512F-3875-D143-C4566A8BE9B6}.Debug|Win32.ActiveCfg = Debug|Win32
		{FA282D71-512F-3875-D143-C4566A8BE9B6}.Debug|Win32.Build.0 = Debug|Win32
		{FA282D71-512F-3875-D143-C4566A8BE9B6}.Debug|x64.ActiveCfg = Debug|x64
		{FA282D71-512F-3875-D143-C4566A8BE9B6}.Debug|x64.Build.0 = Debug|x64
		{FA282D71-512F-3875-D143-C4566A8BE9B6}.Release|Win32.ActiveCfg = Release|Win32
		{FA282D71-512F-3875-D143-C4566A8BE9B6}.Release|Win32.Build.0 = Release|Win32
	EndGlobalSection
	GlobalSection(SolutionProperties) = preSolution
		HideSolutionNode = FALSE
	EndGlobalSection
	GlobalSection(NestedProjects) = preSolution
		{FA282D71-512F-3875-D143-C4566A8BE9B6} = {6478B9F3-4858-63F4-35F4-98A303E305F3}
		{4824D616-0A12-8D8C-001D-D96E2BA6E6FD} = {6478B9F3-4858-63F4-35F4-98A303E305F3}
		{F43E93C6-8E9E-C3A6-5762-D32FCB86FDC4} = {6478B9F3-4858-63F4-35F4-98A303E305F3}
		{33195FCD-4CE3-1ADC-C0E2-BA4C77A8EB6A} = {6478B9F3-4858-63F4-35F4-98A303E305F3}
		{93045503-E80B-07B1-7760-7FA894CC1A44} = {6478B9F3-4858-63F4-35F4-98A303E305F3}
		{75C64EB1-5D70-7667-4F55-CF19C8406355} = {6478B9F3-4858-63F4-35F4-98A303E305F3}
		{6478B9F3-4858-63F4-35F4-98A303E305F3} = {9785FB75-982A-5DE3-252D-3F288B9FEF5B}
		{3E7FA5AF-27B3-2DE0-883C-12F98E7F4E81} = {9785FB75-982A-5DE3-252D-3F288B9FEF5B}
		{62F12FEE-F44C-ED0A-A0CC-C4F18578EC7D} = {9785FB75-982A-5DE3-252D-3F288B9FEF5B}
		{219EA407-3AB4-B58E-8600-D487A9ED11CB} = {9785FB75-982A-5DE3-252D-3F288B9FEF5B}
		{47E8DE5F-12BB-F1DA-A940-C2EF51F01057} = {EAC80D00-01D2-3F49-A377-20B7154947F3}
		{6425AC1D-FE89-3736-C032-D8CBF18696BF} = {EAC80D00-01D2-3F49-A377-20B7154947F3}
		{8C8AF325-B078-32BD-7996-90FE9F8A5F51} = {3E7FA5AF-27B3-2DE0-883C-12F98E7F4E81}
		{68998A8D-2130-FE21-1F45-184D250C3D54} = {89C816A7-DD31-D54C-C69C-5A80E0C49B77}
	EndGlobalSection
EndGlobal
