Microsoft Visual Studio Solution File, Format Version 11.00
# Visual Studio 2010
Project("{2150E333-8FDC-42A3-9474-1A3956D46DE8}") = "(allocator)", "(allocator)", "{6478B9F3-4858-63F4-35F4-98A303E305F3}"
EndProject
Project("{2150E333-8FDC-42A3-9474-1A3956D46DE8}") = "(base)", "(base)", "{9785FB75-982A-5DE3-252D-3F288B9FEF5B}"
EndProject
Project("{2150E333-8FDC-42A3-9474-1A3956D46DE8}") = "(dynamic_annotations)", "(dynamic_annotations)", "{EF1E4970-C119-B0D7-F5D6-321C6AE66EDC}"
EndProject
Project("{2150E333-8FDC-42A3-9474-1A3956D46DE8}") = "(third_party)", "(third_party)", "{3E7FA5AF-27B3-2DE0-883C-12F98E7F4E81}"
EndProject
Project("{2150E333-8FDC-42A3-9474-1A3956D46DE8}") = "(third_party)", "(third_party)", "{89C816A7-DD31-D54C-C69C-5A80E0C49B77}"
EndProject
Project("{8BC9CEB8-8B4A-11D0-8D11-00A0C91BC942}") = "allocator_extension_thunks", "allocator\allocator_extension_thunks.vcxproj", "{4824D616-0A12-8D8C-001D-D96E2BA6E6FD}"
EndProject
Project("{8BC9CEB8-8B4A-11D0-8D11-00A0C91BC942}") = "allocator_extension_thunks_win64", "allocator\allocator_extension_thunks_win64.vcxproj", "{F43E93C6-8E9E-C3A6-5762-D32FCB86FDC4}"
EndProject
Project("{8BC9CEB8-8B4A-11D0-8D11-00A0C91BC942}") = "base", "base.vcxproj", "{62F12FEE-F44C-ED0A-A0CC-C4F18578EC7D}"
	ProjectSection(ProjectDependencies) = postProject
		{219EA407-3AB4-B58E-8600-D487A9ED11CB} = {219EA407-3AB4-B58E-8600-D487A9ED11CB}
		{4824D616-0A12-8D8C-001D-D96E2BA6E6FD} = {4824D616-0A12-8D8C-001D-D96E2BA6E6FD}
		{87885F23-153B-269E-B806-90255FE59037} = {87885F23-153B-269E-B806-90255FE59037}
		{8C8AF325-B078-32BD-7996-90FE9F8A5F51} = {8C8AF325-B078-32BD-7996-90FE9F8A5F51}
	EndProjectSection
EndProject
Project("{8BC9CEB8-8B4A-11D0-8D11-00A0C91BC942}") = "base_i18n", "base_i18n.vcxproj", "{698B54C9-3494-3955-FB77-656485AB913A}"
	ProjectSection(ProjectDependencies) = postProject
		{62F12FEE-F44C-ED0A-A0CC-C4F18578EC7D} = {62F12FEE-F44C-ED0A-A0CC-C4F18578EC7D}
		{8C8AF325-B078-32BD-7996-90FE9F8A5F51} = {8C8AF325-B078-32BD-7996-90FE9F8A5F51}
	EndProjectSection
EndProject
Project("{8BC9CEB8-8B4A-11D0-8D11-00A0C91BC942}") = "base_i18n_nacl_win64", "base_i18n_nacl_win64.vcxproj", "{95EF5771-E519-A3F7-8937-C305A089921A}"
EndProject
Project("{8BC9CEB8-8B4A-11D0-8D11-00A0C91BC942}") = "base_nacl_win64", "base_nacl_win64.vcxproj", "{6CF8B49C-7B07-11EB-0B71-AFA2A2122E48}"
	ProjectSection(ProjectDependencies) = postProject
		{4FDFC96A-A2D7-123C-9F4A-D2263EE3B0AD} = {4FDFC96A-A2D7-123C-9F4A-D2263EE3B0AD}
		{F43E93C6-8E9E-C3A6-5762-D32FCB86FDC4} = {F43E93C6-8E9E-C3A6-5762-D32FCB86FDC4}
		{A4A99182-39BA-89CB-02C4-F529713062DD} = {A4A99182-39BA-89CB-02C4-F529713062DD}
	EndProjectSection
EndProject
Project("{8BC9CEB8-8B4A-11D0-8D11-00A0C91BC942}") = "base_prefs", "base_prefs.vcxproj", "{BE5958BC-644D-5154-D5A7-DB6EFAFA4C7D}"
	ProjectSection(ProjectDependencies) = postProject
		{62F12FEE-F44C-ED0A-A0CC-C4F18578EC7D} = {62F12FEE-F44C-ED0A-A0CC-C4F18578EC7D}
	EndProjectSection
EndProject
Project("{8BC9CEB8-8B4A-11D0-8D11-00A0C91BC942}") = "base_prefs_test_support", "base_prefs_test_support.vcxproj", "{F4E962F3-3F8A-4816-D4F1-B5E07A9E5DC2}"
	ProjectSection(ProjectDependencies) = postProject
		{62F12FEE-F44C-ED0A-A0CC-C4F18578EC7D} = {62F12FEE-F44C-ED0A-A0CC-C4F18578EC7D}
		{BE5958BC-644D-5154-D5A7-DB6EFAFA4C7D} = {BE5958BC-644D-5154-D5A7-DB6EFAFA4C7D}
	EndProjectSection
EndProject
Project("{8BC9CEB8-8B4A-11D0-8D11-00A0C91BC942}") = "base_static", "base_static.vcxproj", "{219EA407-3AB4-B58E-8600-D487A9ED11CB}"
EndProject
Project("{8BC9CEB8-8B4A-11D0-8D11-00A0C91BC942}") = "base_static_win64", "base_static_win64.vcxproj", "{4FDFC96A-A2D7-123C-9F4A-D2263EE3B0AD}"
EndProject
Project("{8BC9CEB8-8B4A-11D0-8D11-00A0C91BC942}") = "base_unittests", "base_unittests.vcxproj", "{4226344E-3622-3005-D9D3-7FF3F4B7EF1F}"
	ProjectSection(ProjectDependencies) = postProject
		{62F12FEE-F44C-ED0A-A0CC-C4F18578EC7D} = {62F12FEE-F44C-ED0A-A0CC-C4F18578EC7D}
		{698B54C9-3494-3955-FB77-656485AB913A} = {698B54C9-3494-3955-FB77-656485AB913A}
		{BE5958BC-644D-5154-D5A7-DB6EFAFA4C7D} = {BE5958BC-644D-5154-D5A7-DB6EFAFA4C7D}
		{F4E962F3-3F8A-4816-D4F1-B5E07A9E5DC2} = {F4E962F3-3F8A-4816-D4F1-B5E07A9E5DC2}
		{219EA407-3AB4-B58E-8600-D487A9ED11CB} = {219EA407-3AB4-B58E-8600-D487A9ED11CB}
		{8C8AF325-B078-32BD-7996-90FE9F8A5F51} = {8C8AF325-B078-32BD-7996-90FE9F8A5F51}
	EndProjectSection
EndProject
Project("{8BC9CEB8-8B4A-11D0-8D11-00A0C91BC942}") = "base_unittests_run", "base_unittests_run.vcxproj", "{F904920E-4911-875C-2648-D782524633F1}"
	ProjectSection(ProjectDependencies) = postProject
		{4226344E-3622-3005-D9D3-7FF3F4B7EF1F} = {4226344E-3622-3005-D9D3-7FF3F4B7EF1F}
	EndProjectSection
EndProject
Project("{8BC9CEB8-8B4A-11D0-8D11-00A0C91BC942}") = "check_example", "check_example.vcxproj", "{E2765F72-3CBD-60C6-3158-FD797CC6292B}"
	ProjectSection(ProjectDependencies) = postProject
		{62F12FEE-F44C-ED0A-A0CC-C4F18578EC7D} = {62F12FEE-F44C-ED0A-A0CC-C4F18578EC7D}
	EndProjectSection
EndProject
Project("{8BC9CEB8-8B4A-11D0-8D11-00A0C91BC942}") = "debug_message", "debug_message.vcxproj", "{93DF1819-F53D-3127-1CF4-FB87A8BBAB7C}"
EndProject
Project("{8BC9CEB8-8B4A-11D0-8D11-00A0C91BC942}") = "dynamic_annotations", "third_party\dynamic_annotations\dynamic_annotations.vcxproj", "{8C8AF325-B078-32BD-7996-90FE9F8A5F51}"
EndProject
Project("{8BC9CEB8-8B4A-11D0-8D11-00A0C91BC942}") = "dynamic_annotations_win64", "third_party\dynamic_annotations\dynamic_annotations_win64.vcxproj", "{A4A99182-39BA-89CB-02C4-F529713062DD}"
EndProject
Project("{8BC9CEB8-8B4A-11D0-8D11-00A0C91BC942}") = "modp_b64", "..\third_party\modp_b64\modp_b64.vcxproj", "{87885F23-153B-269E-B806-90255FE59037}"
EndProject
Global
	GlobalSection(SolutionConfigurationPlatforms) = preSolution
		DDebug|Win32 = DDebug|Win32
		DDebug|x64 = DDebug|x64
		Debug|Win32 = Debug|Win32
		Debug|x64 = Debug|x64
		Release|Win32 = Release|Win32
		Release|x64 = Release|x64
	EndGlobalSection
	GlobalSection(ProjectConfigurationPlatforms) = postSolution
		{4824D616-0A12-8D8C-001D-D96E2BA6E6FD}.DDebug|Win32.ActiveCfg = DDebug|Win32
		{4824D616-0A12-8D8C-001D-D96E2BA6E6FD}.DDebug|Win32.Build.0 = DDebug|Win32
		{4824D616-0A12-8D8C-001D-D96E2BA6E6FD}.DDebug|x64.ActiveCfg = DDebug|x64
		{4824D616-0A12-8D8C-001D-D96E2BA6E6FD}.DDebug|x64.Build.0 = DDebug|x64
		{4824D616-0A12-8D8C-001D-D96E2BA6E6FD}.Debug|Win32.ActiveCfg = Debug|Win32
		{4824D616-0A12-8D8C-001D-D96E2BA6E6FD}.Debug|Win32.Build.0 = Debug|Win32
		{4824D616-0A12-8D8C-001D-D96E2BA6E6FD}.Debug|x64.ActiveCfg = Debug|x64
		{4824D616-0A12-8D8C-001D-D96E2BA6E6FD}.Debug|x64.Build.0 = Debug|x64
		{4824D616-0A12-8D8C-001D-D96E2BA6E6FD}.Release|Win32.ActiveCfg = Release|Win32
		{4824D616-0A12-8D8C-001D-D96E2BA6E6FD}.Release|Win32.Build.0 = Release|Win32
		{4824D616-0A12-8D8C-001D-D96E2BA6E6FD}.Release|x64.ActiveCfg = Release|x64
		{4824D616-0A12-8D8C-001D-D96E2BA6E6FD}.Release|x64.Build.0 = Release|x64
		{F43E93C6-8E9E-C3A6-5762-D32FCB86FDC4}.DDebug|Win32.ActiveCfg = DDebug|Win32
		{F43E93C6-8E9E-C3A6-5762-D32FCB86FDC4}.DDebug|Win32.Build.0 = DDebug|Win32
		{F43E93C6-8E9E-C3A6-5762-D32FCB86FDC4}.DDebug|x64.ActiveCfg = DDebug|x64
		{F43E93C6-8E9E-C3A6-5762-D32FCB86FDC4}.DDebug|x64.Build.0 = DDebug|x64
		{F43E93C6-8E9E-C3A6-5762-D32FCB86FDC4}.Debug|Win32.ActiveCfg = Debug|x64
		{F43E93C6-8E9E-C3A6-5762-D32FCB86FDC4}.Debug|Win32.Build.0 = Debug|x64
		{F43E93C6-8E9E-C3A6-5762-D32FCB86FDC4}.Debug|x64.ActiveCfg = Debug|x64
		{F43E93C6-8E9E-C3A6-5762-D32FCB86FDC4}.Debug|x64.Build.0 = Debug|x64
		{F43E93C6-8E9E-C3A6-5762-D32FCB86FDC4}.Release|Win32.ActiveCfg = Release|x64
		{F43E93C6-8E9E-C3A6-5762-D32FCB86FDC4}.Release|Win32.Build.0 = Release|x64
		{F43E93C6-8E9E-C3A6-5762-D32FCB86FDC4}.Release|x64.ActiveCfg = Release|x64
		{F43E93C6-8E9E-C3A6-5762-D32FCB86FDC4}.Release|x64.Build.0 = Release|x64
		{62F12FEE-F44C-ED0A-A0CC-C4F18578EC7D}.DDebug|Win32.ActiveCfg = DDebug|Win32
		{62F12FEE-F44C-ED0A-A0CC-C4F18578EC7D}.DDebug|Win32.Build.0 = DDebug|Win32
		{62F12FEE-F44C-ED0A-A0CC-C4F18578EC7D}.DDebug|x64.ActiveCfg = DDebug|x64
		{62F12FEE-F44C-ED0A-A0CC-C4F18578EC7D}.DDebug|x64.Build.0 = DDebug|x64
		{62F12FEE-F44C-ED0A-A0CC-C4F18578EC7D}.Debug|Win32.ActiveCfg = Debug|Win32
		{62F12FEE-F44C-ED0A-A0CC-C4F18578EC7D}.Debug|Win32.Build.0 = Debug|Win32
		{62F12FEE-F44C-ED0A-A0CC-C4F18578EC7D}.Debug|x64.ActiveCfg = Debug|x64
		{62F12FEE-F44C-ED0A-A0CC-C4F18578EC7D}.Debug|x64.Build.0 = Debug|x64
		{62F12FEE-F44C-ED0A-A0CC-C4F18578EC7D}.Release|Win32.ActiveCfg = Release|Win32
		{62F12FEE-F44C-ED0A-A0CC-C4F18578EC7D}.Release|Win32.Build.0 = Release|Win32
		{62F12FEE-F44C-ED0A-A0CC-C4F18578EC7D}.Release|x64.ActiveCfg = Release|x64
		{62F12FEE-F44C-ED0A-A0CC-C4F18578EC7D}.Release|x64.Build.0 = Release|x64
		{698B54C9-3494-3955-FB77-656485AB913A}.DDebug|Win32.ActiveCfg = DDebug|Win32
		{698B54C9-3494-3955-FB77-656485AB913A}.DDebug|Win32.Build.0 = DDebug|Win32
		{698B54C9-3494-3955-FB77-656485AB913A}.DDebug|x64.ActiveCfg = DDebug|x64
		{698B54C9-3494-3955-FB77-656485AB913A}.DDebug|x64.Build.0 = DDebug|x64
		{698B54C9-3494-3955-FB77-656485AB913A}.Debug|Win32.ActiveCfg = Debug|Win32
		{698B54C9-3494-3955-FB77-656485AB913A}.Debug|Win32.Build.0 = Debug|Win32
		{698B54C9-3494-3955-FB77-656485AB913A}.Debug|x64.ActiveCfg = Debug|x64
		{698B54C9-3494-3955-FB77-656485AB913A}.Debug|x64.Build.0 = Debug|x64
		{698B54C9-3494-3955-FB77-656485AB913A}.Release|Win32.ActiveCfg = Release|Win32
		{698B54C9-3494-3955-FB77-656485AB913A}.Release|Win32.Build.0 = Release|Win32
		{698B54C9-3494-3955-FB77-656485AB913A}.Release|x64.ActiveCfg = Release|x64
		{698B54C9-3494-3955-FB77-656485AB913A}.Release|x64.Build.0 = Release|x64
		{95EF5771-E519-A3F7-8937-C305A089921A}.DDebug|Win32.ActiveCfg = DDebug|Win32
		{95EF5771-E519-A3F7-8937-C305A089921A}.DDebug|Win32.Build.0 = DDebug|Win32
		{95EF5771-E519-A3F7-8937-C305A089921A}.DDebug|x64.ActiveCfg = DDebug|x64
		{95EF5771-E519-A3F7-8937-C305A089921A}.DDebug|x64.Build.0 = DDebug|x64
		{95EF5771-E519-A3F7-8937-C305A089921A}.Debug|Win32.ActiveCfg = Debug|x64
		{95EF5771-E519-A3F7-8937-C305A089921A}.Debug|Win32.Build.0 = Debug|x64
		{95EF5771-E519-A3F7-8937-C305A089921A}.Debug|x64.ActiveCfg = Debug|x64
		{95EF5771-E519-A3F7-8937-C305A089921A}.Debug|x64.Build.0 = Debug|x64
		{95EF5771-E519-A3F7-8937-C305A089921A}.Release|Win32.ActiveCfg = Release|x64
		{95EF5771-E519-A3F7-8937-C305A089921A}.Release|Win32.Build.0 = Release|x64
		{95EF5771-E519-A3F7-8937-C305A089921A}.Release|x64.ActiveCfg = Release|x64
		{95EF5771-E519-A3F7-8937-C305A089921A}.Release|x64.Build.0 = Release|x64
		{6CF8B49C-7B07-11EB-0B71-AFA2A2122E48}.DDebug|Win32.ActiveCfg = DDebug|Win32
		{6CF8B49C-7B07-11EB-0B71-AFA2A2122E48}.DDebug|Win32.Build.0 = DDebug|Win32
		{6CF8B49C-7B07-11EB-0B71-AFA2A2122E48}.DDebug|x64.ActiveCfg = DDebug|x64
		{6CF8B49C-7B07-11EB-0B71-AFA2A2122E48}.DDebug|x64.Build.0 = DDebug|x64
		{6CF8B49C-7B07-11EB-0B71-AFA2A2122E48}.Debug|Win32.ActiveCfg = Debug|x64
		{6CF8B49C-7B07-11EB-0B71-AFA2A2122E48}.Debug|Win32.Build.0 = Debug|x64
		{6CF8B49C-7B07-11EB-0B71-AFA2A2122E48}.Debug|x64.ActiveCfg = Debug|x64
		{6CF8B49C-7B07-11EB-0B71-AFA2A2122E48}.Debug|x64.Build.0 = Debug|x64
		{6CF8B49C-7B07-11EB-0B71-AFA2A2122E48}.Release|Win32.ActiveCfg = Release|x64
		{6CF8B49C-7B07-11EB-0B71-AFA2A2122E48}.Release|Win32.Build.0 = Release|x64
		{6CF8B49C-7B07-11EB-0B71-AFA2A2122E48}.Release|x64.ActiveCfg = Release|x64
		{6CF8B49C-7B07-11EB-0B71-AFA2A2122E48}.Release|x64.Build.0 = Release|x64
		{BE5958BC-644D-5154-D5A7-DB6EFAFA4C7D}.DDebug|Win32.ActiveCfg = DDebug|Win32
		{BE5958BC-644D-5154-D5A7-DB6EFAFA4C7D}.DDebug|Win32.Build.0 = DDebug|Win32
		{BE5958BC-644D-5154-D5A7-DB6EFAFA4C7D}.DDebug|x64.ActiveCfg = DDebug|x64
		{BE5958BC-644D-5154-D5A7-DB6EFAFA4C7D}.DDebug|x64.Build.0 = DDebug|x64
		{BE5958BC-644D-5154-D5A7-DB6EFAFA4C7D}.Debug|Win32.ActiveCfg = Debug|Win32
		{BE5958BC-644D-5154-D5A7-DB6EFAFA4C7D}.Debug|Win32.Build.0 = Debug|Win32
		{BE5958BC-644D-5154-D5A7-DB6EFAFA4C7D}.Debug|x64.ActiveCfg = Debug|x64
		{BE5958BC-644D-5154-D5A7-DB6EFAFA4C7D}.Debug|x64.Build.0 = Debug|x64
		{BE5958BC-644D-5154-D5A7-DB6EFAFA4C7D}.Release|Win32.ActiveCfg = Release|Win32
		{BE5958BC-644D-5154-D5A7-DB6EFAFA4C7D}.Release|Win32.Build.0 = Release|Win32
		{BE5958BC-644D-5154-D5A7-DB6EFAFA4C7D}.Release|x64.ActiveCfg = Release|x64
		{BE5958BC-644D-5154-D5A7-DB6EFAFA4C7D}.Release|x64.Build.0 = Release|x64
		{F4E962F3-3F8A-4816-D4F1-B5E07A9E5DC2}.DDebug|Win32.ActiveCfg = DDebug|Win32
		{F4E962F3-3F8A-4816-D4F1-B5E07A9E5DC2}.DDebug|Win32.Build.0 = DDebug|Win32
		{F4E962F3-3F8A-4816-D4F1-B5E07A9E5DC2}.DDebug|x64.ActiveCfg = DDebug|x64
		{F4E962F3-3F8A-4816-D4F1-B5E07A9E5DC2}.DDebug|x64.Build.0 = DDebug|x64
		{F4E962F3-3F8A-4816-D4F1-B5E07A9E5DC2}.Debug|Win32.ActiveCfg = Debug|Win32
		{F4E962F3-3F8A-4816-D4F1-B5E07A9E5DC2}.Debug|Win32.Build.0 = Debug|Win32
		{F4E962F3-3F8A-4816-D4F1-B5E07A9E5DC2}.Debug|x64.ActiveCfg = Debug|x64
		{F4E962F3-3F8A-4816-D4F1-B5E07A9E5DC2}.Debug|x64.Build.0 = Debug|x64
		{F4E962F3-3F8A-4816-D4F1-B5E07A9E5DC2}.Release|Win32.ActiveCfg = Release|Win32
		{F4E962F3-3F8A-4816-D4F1-B5E07A9E5DC2}.Release|Win32.Build.0 = Release|Win32
		{F4E962F3-3F8A-4816-D4F1-B5E07A9E5DC2}.Release|x64.ActiveCfg = Release|x64
		{F4E962F3-3F8A-4816-D4F1-B5E07A9E5DC2}.Release|x64.Build.0 = Release|x64
		{219EA407-3AB4-B58E-8600-D487A9ED11CB}.DDebug|Win32.ActiveCfg = DDebug|Win32
		{219EA407-3AB4-B58E-8600-D487A9ED11CB}.DDebug|Win32.Build.0 = DDebug|Win32
		{219EA407-3AB4-B58E-8600-D487A9ED11CB}.DDebug|x64.ActiveCfg = DDebug|x64
		{219EA407-3AB4-B58E-8600-D487A9ED11CB}.DDebug|x64.Build.0 = DDebug|x64
		{219EA407-3AB4-B58E-8600-D487A9ED11CB}.Debug|Win32.ActiveCfg = Debug|Win32
		{219EA407-3AB4-B58E-8600-D487A9ED11CB}.Debug|Win32.Build.0 = Debug|Win32
		{219EA407-3AB4-B58E-8600-D487A9ED11CB}.Debug|x64.ActiveCfg = Debug|x64
		{219EA407-3AB4-B58E-8600-D487A9ED11CB}.Debug|x64.Build.0 = Debug|x64
		{219EA407-3AB4-B58E-8600-D487A9ED11CB}.Release|Win32.ActiveCfg = Release|Win32
		{219EA407-3AB4-B58E-8600-D487A9ED11CB}.Release|Win32.Build.0 = Release|Win32
		{219EA407-3AB4-B58E-8600-D487A9ED11CB}.Release|x64.ActiveCfg = Release|x64
		{219EA407-3AB4-B58E-8600-D487A9ED11CB}.Release|x64.Build.0 = Release|x64
		{4FDFC96A-A2D7-123C-9F4A-D2263EE3B0AD}.DDebug|Win32.ActiveCfg = DDebug|Win32
		{4FDFC96A-A2D7-123C-9F4A-D2263EE3B0AD}.DDebug|Win32.Build.0 = DDebug|Win32
		{4FDFC96A-A2D7-123C-9F4A-D2263EE3B0AD}.DDebug|x64.ActiveCfg = DDebug|x64
		{4FDFC96A-A2D7-123C-9F4A-D2263EE3B0AD}.DDebug|x64.Build.0 = DDebug|x64
		{4FDFC96A-A2D7-123C-9F4A-D2263EE3B0AD}.Debug|Win32.ActiveCfg = Debug|x64
		{4FDFC96A-A2D7-123C-9F4A-D2263EE3B0AD}.Debug|Win32.Build.0 = Debug|x64
		{4FDFC96A-A2D7-123C-9F4A-D2263EE3B0AD}.Debug|x64.ActiveCfg = Debug|x64
		{4FDFC96A-A2D7-123C-9F4A-D2263EE3B0AD}.Debug|x64.Build.0 = Debug|x64
		{4FDFC96A-A2D7-123C-9F4A-D2263EE3B0AD}.Release|Win32.ActiveCfg = Release|x64
		{4FDFC96A-A2D7-123C-9F4A-D2263EE3B0AD}.Release|Win32.Build.0 = Release|x64
		{4FDFC96A-A2D7-123C-9F4A-D2263EE3B0AD}.Release|x64.ActiveCfg = Release|x64
		{4FDFC96A-A2D7-123C-9F4A-D2263EE3B0AD}.Release|x64.Build.0 = Release|x64
		{4226344E-3622-3005-D9D3-7FF3F4B7EF1F}.DDebug|Win32.ActiveCfg = DDebug|Win32
		{4226344E-3622-3005-D9D3-7FF3F4B7EF1F}.DDebug|Win32.Build.0 = DDebug|Win32
		{4226344E-3622-3005-D9D3-7FF3F4B7EF1F}.DDebug|x64.ActiveCfg = DDebug|x64
		{4226344E-3622-3005-D9D3-7FF3F4B7EF1F}.DDebug|x64.Build.0 = DDebug|x64
		{4226344E-3622-3005-D9D3-7FF3F4B7EF1F}.Debug|Win32.ActiveCfg = Debug|Win32
		{4226344E-3622-3005-D9D3-7FF3F4B7EF1F}.Debug|Win32.Build.0 = Debug|Win32
		{4226344E-3622-3005-D9D3-7FF3F4B7EF1F}.Debug|x64.ActiveCfg = Debug|x64
		{4226344E-3622-3005-D9D3-7FF3F4B7EF1F}.Debug|x64.Build.0 = Debug|x64
		{4226344E-3622-3005-D9D3-7FF3F4B7EF1F}.Release|Win32.ActiveCfg = Release|Win32
		{4226344E-3622-3005-D9D3-7FF3F4B7EF1F}.Release|Win32.Build.0 = Release|Win32
		{4226344E-3622-3005-D9D3-7FF3F4B7EF1F}.Release|x64.ActiveCfg = Release|x64
		{4226344E-3622-3005-D9D3-7FF3F4B7EF1F}.Release|x64.Build.0 = Release|x64
		{F904920E-4911-875C-2648-D782524633F1}.DDebug|Win32.ActiveCfg = DDebug|Win32
		{F904920E-4911-875C-2648-D782524633F1}.DDebug|Win32.Build.0 = DDebug|Win32
		{F904920E-4911-875C-2648-D782524633F1}.DDebug|x64.ActiveCfg = DDebug|x64
		{F904920E-4911-875C-2648-D782524633F1}.DDebug|x64.Build.0 = DDebug|x64
		{F904920E-4911-875C-2648-D782524633F1}.Debug|Win32.ActiveCfg = Debug|Win32
		{F904920E-4911-875C-2648-D782524633F1}.Debug|Win32.Build.0 = Debug|Win32
		{F904920E-4911-875C-2648-D782524633F1}.Debug|x64.ActiveCfg = Debug|x64
		{F904920E-4911-875C-2648-D782524633F1}.Debug|x64.Build.0 = Debug|x64
		{F904920E-4911-875C-2648-D782524633F1}.Release|Win32.ActiveCfg = Release|Win32
		{F904920E-4911-875C-2648-D782524633F1}.Release|Win32.Build.0 = Release|Win32
		{F904920E-4911-875C-2648-D782524633F1}.Release|x64.ActiveCfg = Release|x64
		{F904920E-4911-875C-2648-D782524633F1}.Release|x64.Build.0 = Release|x64
		{E2765F72-3CBD-60C6-3158-FD797CC6292B}.DDebug|Win32.ActiveCfg = DDebug|Win32
		{E2765F72-3CBD-60C6-3158-FD797CC6292B}.DDebug|Win32.Build.0 = DDebug|Win32
		{E2765F72-3CBD-60C6-3158-FD797CC6292B}.DDebug|x64.ActiveCfg = DDebug|x64
		{E2765F72-3CBD-60C6-3158-FD797CC6292B}.DDebug|x64.Build.0 = DDebug|x64
		{E2765F72-3CBD-60C6-3158-FD797CC6292B}.Debug|Win32.ActiveCfg = Debug|Win32
		{E2765F72-3CBD-60C6-3158-FD797CC6292B}.Debug|Win32.Build.0 = Debug|Win32
		{E2765F72-3CBD-60C6-3158-FD797CC6292B}.Debug|x64.ActiveCfg = Debug|x64
		{E2765F72-3CBD-60C6-3158-FD797CC6292B}.Debug|x64.Build.0 = Debug|x64
		{E2765F72-3CBD-60C6-3158-FD797CC6292B}.Release|Win32.ActiveCfg = Release|Win32
		{E2765F72-3CBD-60C6-3158-FD797CC6292B}.Release|Win32.Build.0 = Release|Win32
		{E2765F72-3CBD-60C6-3158-FD797CC6292B}.Release|x64.ActiveCfg = Release|x64
		{E2765F72-3CBD-60C6-3158-FD797CC6292B}.Release|x64.Build.0 = Release|x64
		{93DF1819-F53D-3127-1CF4-FB87A8BBAB7C}.DDebug|Win32.ActiveCfg = DDebug|Win32
		{93DF1819-F53D-3127-1CF4-FB87A8BBAB7C}.DDebug|Win32.Build.0 = DDebug|Win32
		{93DF1819-F53D-3127-1CF4-FB87A8BBAB7C}.DDebug|x64.ActiveCfg = DDebug|x64
		{93DF1819-F53D-3127-1CF4-FB87A8BBAB7C}.DDebug|x64.Build.0 = DDebug|x64
		{93DF1819-F53D-3127-1CF4-FB87A8BBAB7C}.Debug|Win32.ActiveCfg = Debug|Win32
		{93DF1819-F53D-3127-1CF4-FB87A8BBAB7C}.Debug|Win32.Build.0 = Debug|Win32
		{93DF1819-F53D-3127-1CF4-FB87A8BBAB7C}.Debug|x64.ActiveCfg = Debug|x64
		{93DF1819-F53D-3127-1CF4-FB87A8BBAB7C}.Debug|x64.Build.0 = Debug|x64
		{93DF1819-F53D-3127-1CF4-FB87A8BBAB7C}.Release|Win32.ActiveCfg = Release|Win32
		{93DF1819-F53D-3127-1CF4-FB87A8BBAB7C}.Release|Win32.Build.0 = Release|Win32
		{93DF1819-F53D-3127-1CF4-FB87A8BBAB7C}.Release|x64.ActiveCfg = Release|x64
		{93DF1819-F53D-3127-1CF4-FB87A8BBAB7C}.Release|x64.Build.0 = Release|x64
		{8C8AF325-B078-32BD-7996-90FE9F8A5F51}.DDebug|Win32.ActiveCfg = DDebug|Win32
		{8C8AF325-B078-32BD-7996-90FE9F8A5F51}.DDebug|Win32.Build.0 = DDebug|Win32
		{8C8AF325-B078-32BD-7996-90FE9F8A5F51}.DDebug|x64.ActiveCfg = DDebug|x64
		{8C8AF325-B078-32BD-7996-90FE9F8A5F51}.DDebug|x64.Build.0 = DDebug|x64
		{8C8AF325-B078-32BD-7996-90FE9F8A5F51}.Debug|Win32.ActiveCfg = Debug|Win32
		{8C8AF325-B078-32BD-7996-90FE9F8A5F51}.Debug|Win32.Build.0 = Debug|Win32
		{8C8AF325-B078-32BD-7996-90FE9F8A5F51}.Debug|x64.ActiveCfg = Debug|x64
		{8C8AF325-B078-32BD-7996-90FE9F8A5F51}.Debug|x64.Build.0 = Debug|x64
		{8C8AF325-B078-32BD-7996-90FE9F8A5F51}.Release|Win32.ActiveCfg = Release|Win32
		{8C8AF325-B078-32BD-7996-90FE9F8A5F51}.Release|Win32.Build.0 = Release|Win32
		{8C8AF325-B078-32BD-7996-90FE9F8A5F51}.Release|x64.ActiveCfg = Release|x64
		{8C8AF325-B078-32BD-7996-90FE9F8A5F51}.Release|x64.Build.0 = Release|x64
		{A4A99182-39BA-89CB-02C4-F529713062DD}.DDebug|Win32.ActiveCfg = DDebug|Win32
		{A4A99182-39BA-89CB-02C4-F529713062DD}.DDebug|Win32.Build.0 = DDebug|Win32
		{A4A99182-39BA-89CB-02C4-F529713062DD}.DDebug|x64.ActiveCfg = DDebug|x64
		{A4A99182-39BA-89CB-02C4-F529713062DD}.DDebug|x64.Build.0 = DDebug|x64
		{A4A99182-39BA-89CB-02C4-F529713062DD}.Debug|Win32.ActiveCfg = Debug|x64
		{A4A99182-39BA-89CB-02C4-F529713062DD}.Debug|Win32.Build.0 = Debug|x64
		{A4A99182-39BA-89CB-02C4-F529713062DD}.Debug|x64.ActiveCfg = Debug|x64
		{A4A99182-39BA-89CB-02C4-F529713062DD}.Debug|x64.Build.0 = Debug|x64
		{A4A99182-39BA-89CB-02C4-F529713062DD}.Release|Win32.ActiveCfg = Release|x64
		{A4A99182-39BA-89CB-02C4-F529713062DD}.Release|Win32.Build.0 = Release|x64
		{A4A99182-39BA-89CB-02C4-F529713062DD}.Release|x64.ActiveCfg = Release|x64
		{A4A99182-39BA-89CB-02C4-F529713062DD}.Release|x64.Build.0 = Release|x64
		{87885F23-153B-269E-B806-90255FE59037}.DDebug|Win32.ActiveCfg = DDebug|Win32
		{87885F23-153B-269E-B806-90255FE59037}.DDebug|Win32.Build.0 = DDebug|Win32
		{87885F23-153B-269E-B806-90255FE59037}.DDebug|x64.ActiveCfg = DDebug|x64
		{87885F23-153B-269E-B806-90255FE59037}.DDebug|x64.Build.0 = DDebug|x64
		{87885F23-153B-269E-B806-90255FE59037}.Debug|Win32.ActiveCfg = Debug|Win32
		{87885F23-153B-269E-B806-90255FE59037}.Debug|Win32.Build.0 = Debug|Win32
		{87885F23-153B-269E-B806-90255FE59037}.Debug|x64.ActiveCfg = Debug|x64
		{87885F23-153B-269E-B806-90255FE59037}.Debug|x64.Build.0 = Debug|x64
		{87885F23-153B-269E-B806-90255FE59037}.Release|Win32.ActiveCfg = Release|Win32
		{87885F23-153B-269E-B806-90255FE59037}.Release|Win32.Build.0 = Release|Win32
		{87885F23-153B-269E-B806-90255FE59037}.Release|x64.ActiveCfg = Release|x64
		{87885F23-153B-269E-B806-90255FE59037}.Release|x64.Build.0 = Release|x64
	EndGlobalSection
	GlobalSection(SolutionProperties) = preSolution
		HideSolutionNode = FALSE
	EndGlobalSection
	GlobalSection(NestedProjects) = preSolution
		{6478B9F3-4858-63F4-35F4-98A303E305F3} = {9785FB75-982A-5DE3-252D-3F288B9FEF5B}
		{3E7FA5AF-27B3-2DE0-883C-12F98E7F4E81} = {9785FB75-982A-5DE3-252D-3F288B9FEF5B}
		{62F12FEE-F44C-ED0A-A0CC-C4F18578EC7D} = {9785FB75-982A-5DE3-252D-3F288B9FEF5B}
		{698B54C9-3494-3955-FB77-656485AB913A} = {9785FB75-982A-5DE3-252D-3F288B9FEF5B}
		{95EF5771-E519-A3F7-8937-C305A089921A} = {9785FB75-982A-5DE3-252D-3F288B9FEF5B}
		{6CF8B49C-7B07-11EB-0B71-AFA2A2122E48} = {9785FB75-982A-5DE3-252D-3F288B9FEF5B}
		{BE5958BC-644D-5154-D5A7-DB6EFAFA4C7D} = {9785FB75-982A-5DE3-252D-3F288B9FEF5B}
		{F4E962F3-3F8A-4816-D4F1-B5E07A9E5DC2} = {9785FB75-982A-5DE3-252D-3F288B9FEF5B}
		{219EA407-3AB4-B58E-8600-D487A9ED11CB} = {9785FB75-982A-5DE3-252D-3F288B9FEF5B}
		{4FDFC96A-A2D7-123C-9F4A-D2263EE3B0AD} = {9785FB75-982A-5DE3-252D-3F288B9FEF5B}
		{4226344E-3622-3005-D9D3-7FF3F4B7EF1F} = {9785FB75-982A-5DE3-252D-3F288B9FEF5B}
		{F904920E-4911-875C-2648-D782524633F1} = {9785FB75-982A-5DE3-252D-3F288B9FEF5B}
		{E2765F72-3CBD-60C6-3158-FD797CC6292B} = {9785FB75-982A-5DE3-252D-3F288B9FEF5B}
		{93DF1819-F53D-3127-1CF4-FB87A8BBAB7C} = {9785FB75-982A-5DE3-252D-3F288B9FEF5B}
		{4824D616-0A12-8D8C-001D-D96E2BA6E6FD} = {6478B9F3-4858-63F4-35F4-98A303E305F3}
		{F43E93C6-8E9E-C3A6-5762-D32FCB86FDC4} = {6478B9F3-4858-63F4-35F4-98A303E305F3}
		{EF1E4970-C119-B0D7-F5D6-321C6AE66EDC} = {3E7FA5AF-27B3-2DE0-883C-12F98E7F4E81}
		{8C8AF325-B078-32BD-7996-90FE9F8A5F51} = {EF1E4970-C119-B0D7-F5D6-321C6AE66EDC}
		{A4A99182-39BA-89CB-02C4-F529713062DD} = {EF1E4970-C119-B0D7-F5D6-321C6AE66EDC}
		{87885F23-153B-269E-B806-90255FE59037} = {89C816A7-DD31-D54C-C69C-5A80E0C49B77}
	EndGlobalSection
EndGlobal
