Microsoft Visual Studio Solution File, Format Version 11.00
# Visual Studio 2010
Project("{2150E333-8FDC-42A3-9474-1A3956D46DE8}") = "(base)", "..\..\base", "{9785FB75-982A-5DE3-252D-3F288B9FEF5B}"
EndProject
Project("{2150E333-8FDC-42A3-9474-1A3956D46DE8}") = "(ipc)", "..\..\ipc", "{6E739A16-1324-5F4E-B3DD-D8BBDA9938E5}"
EndProject
Project("{2150E333-8FDC-42A3-9474-1A3956D46DE8}") = "(native_client)", "..\..\native_client", "{829C43DA-1372-614D-F044-340432AECC41}"
EndProject
Project("{8BC9CEB8-8B4A-11D0-8D11-00A0C91BC942}") = "base_untrusted", "..\base\base_untrusted.vcxproj", "{E9643E8F-DFDA-D7A3-D57F-28B1749AE2C4}"
	ProjectSection(ProjectDependencies) = postProject
		{F10B3C13-4A97-519D-544D-AA75BB756ECE} = {F10B3C13-4A97-519D-544D-AA75BB756ECE}
	EndProjectSection
EndProject
Project("{8BC9CEB8-8B4A-11D0-8D11-00A0C91BC942}") = "crt_fini_32", "..\native_client\crt_fini_32.vcxproj", "{4C5A17E9-EE3B-42BB-D3AD-3B3EDC32A271}"
	ProjectSection(ProjectDependencies) = postProject
		{C848244F-BA5C-A836-FF34-6FE0A2B6800F} = {C848244F-BA5C-A836-FF34-6FE0A2B6800F}
		{B63FD546-35F5-C365-738E-7335924887B4} = {B63FD546-35F5-C365-738E-7335924887B4}
	EndProjectSection
EndProject
Project("{8BC9CEB8-8B4A-11D0-8D11-00A0C91BC942}") = "crt_fini_64", "..\native_client\crt_fini_64.vcxproj", "{4A3D226D-C5D9-4026-8B54-F833541F2313}"
	ProjectSection(ProjectDependencies) = postProject
		{C848244F-BA5C-A836-FF34-6FE0A2B6800F} = {C848244F-BA5C-A836-FF34-6FE0A2B6800F}
		{B63FD546-35F5-C365-738E-7335924887B4} = {B63FD546-35F5-C365-738E-7335924887B4}
	EndProjectSection
EndProject
Project("{8BC9CEB8-8B4A-11D0-8D11-00A0C91BC942}") = "crt_init_32", "..\native_client\crt_init_32.vcxproj", "{46A0C150-F7CB-2A5F-6F71-DCF5AA99EC04}"
	ProjectSection(ProjectDependencies) = postProject
		{C848244F-BA5C-A836-FF34-6FE0A2B6800F} = {C848244F-BA5C-A836-FF34-6FE0A2B6800F}
		{B63FD546-35F5-C365-738E-7335924887B4} = {B63FD546-35F5-C365-738E-7335924887B4}
	EndProjectSection
EndProject
Project("{8BC9CEB8-8B4A-11D0-8D11-00A0C91BC942}") = "crt_init_64", "..\native_client\crt_init_64.vcxproj", "{CE173CA2-56B6-9444-58AF-FC1FAC338D55}"
	ProjectSection(ProjectDependencies) = postProject
		{C848244F-BA5C-A836-FF34-6FE0A2B6800F} = {C848244F-BA5C-A836-FF34-6FE0A2B6800F}
		{B63FD546-35F5-C365-738E-7335924887B4} = {B63FD546-35F5-C365-738E-7335924887B4}
	EndProjectSection
EndProject
Project("{8BC9CEB8-8B4A-11D0-8D11-00A0C91BC942}") = "ipc_untrusted", "ipc_untrusted.vcxproj", "{1C4B5F78-86C7-C060-3AA4-3AD09BA54F62}"
	ProjectSection(ProjectDependencies) = postProject
		{F10B3C13-4A97-519D-544D-AA75BB756ECE} = {F10B3C13-4A97-519D-544D-AA75BB756ECE}
		{E9643E8F-DFDA-D7A3-D57F-28B1749AE2C4} = {E9643E8F-DFDA-D7A3-D57F-28B1749AE2C4}
	EndProjectSection
EndProject
Project("{8BC9CEB8-8B4A-11D0-8D11-00A0C91BC942}") = "prep_nacl_sdk", "..\native_client\prep_nacl_sdk.vcxproj", "{B63FD546-35F5-C365-738E-7335924887B4}"
	ProjectSection(ProjectDependencies) = postProject
		{C848244F-BA5C-A836-FF34-6FE0A2B6800F} = {C848244F-BA5C-A836-FF34-6FE0A2B6800F}
	EndProjectSection
EndProject
Project("{8BC9CEB8-8B4A-11D0-8D11-00A0C91BC942}") = "prep_toolchain", "..\native_client\prep_toolchain.vcxproj", "{F10B3C13-4A97-519D-544D-AA75BB756ECE}"
	ProjectSection(ProjectDependencies) = postProject
		{C848244F-BA5C-A836-FF34-6FE0A2B6800F} = {C848244F-BA5C-A836-FF34-6FE0A2B6800F}
		{B63FD546-35F5-C365-738E-7335924887B4} = {B63FD546-35F5-C365-738E-7335924887B4}
		{46A0C150-F7CB-2A5F-6F71-DCF5AA99EC04} = {46A0C150-F7CB-2A5F-6F71-DCF5AA99EC04}
		{4C5A17E9-EE3B-42BB-D3AD-3B3EDC32A271} = {4C5A17E9-EE3B-42BB-D3AD-3B3EDC32A271}
		{CE173CA2-56B6-9444-58AF-FC1FAC338D55} = {CE173CA2-56B6-9444-58AF-FC1FAC338D55}
		{4A3D226D-C5D9-4026-8B54-F833541F2313} = {4A3D226D-C5D9-4026-8B54-F833541F2313}
	EndProjectSection
EndProject
Project("{8BC9CEB8-8B4A-11D0-8D11-00A0C91BC942}") = "untar_toolchains", "..\native_client\untar_toolchains.vcxproj", "{C848244F-BA5C-A836-FF34-6FE0A2B6800F}"
EndProject
Global
	GlobalSection(SolutionConfigurationPlatforms) = preSolution
		Release|x64 = Release|x64
		Debug|Win32 = Debug|Win32
		Debug|x64 = Debug|x64
		Release|Win32 = Release|Win32
	EndGlobalSection
	GlobalSection(ProjectConfigurationPlatforms) = postSolution
		{1C4B5F78-86C7-C060-3AA4-3AD09BA54F62}.Release|x64.ActiveCfg = Release|x64
		{1C4B5F78-86C7-C060-3AA4-3AD09BA54F62}.Release|x64.Build.0 = Release|x64
		{1C4B5F78-86C7-C060-3AA4-3AD09BA54F62}.Debug|Win32.ActiveCfg = Debug|Win32
		{1C4B5F78-86C7-C060-3AA4-3AD09BA54F62}.Debug|Win32.Build.0 = Debug|Win32
		{1C4B5F78-86C7-C060-3AA4-3AD09BA54F62}.Debug|x64.ActiveCfg = Debug|x64
		{1C4B5F78-86C7-C060-3AA4-3AD09BA54F62}.Debug|x64.Build.0 = Debug|x64
		{1C4B5F78-86C7-C060-3AA4-3AD09BA54F62}.Release|Win32.ActiveCfg = Release|Win32
		{1C4B5F78-86C7-C060-3AA4-3AD09BA54F62}.Release|Win32.Build.0 = Release|Win32
		{46A0C150-F7CB-2A5F-6F71-DCF5AA99EC04}.Release|x64.ActiveCfg = Release|x64
		{46A0C150-F7CB-2A5F-6F71-DCF5AA99EC04}.Release|x64.Build.0 = Release|x64
		{46A0C150-F7CB-2A5F-6F71-DCF5AA99EC04}.Debug|Win32.ActiveCfg = Debug|Win32
		{46A0C150-F7CB-2A5F-6F71-DCF5AA99EC04}.Debug|Win32.Build.0 = Debug|Win32
		{46A0C150-F7CB-2A5F-6F71-DCF5AA99EC04}.Debug|x64.ActiveCfg = Debug|x64
		{46A0C150-F7CB-2A5F-6F71-DCF5AA99EC04}.Debug|x64.Build.0 = Debug|x64
		{46A0C150-F7CB-2A5F-6F71-DCF5AA99EC04}.Release|Win32.ActiveCfg = Release|Win32
		{46A0C150-F7CB-2A5F-6F71-DCF5AA99EC04}.Release|Win32.Build.0 = Release|Win32
		{4A3D226D-C5D9-4026-8B54-F833541F2313}.Release|x64.ActiveCfg = Release|x64
		{4A3D226D-C5D9-4026-8B54-F833541F2313}.Release|x64.Build.0 = Release|x64
		{4A3D226D-C5D9-4026-8B54-F833541F2313}.Debug|Win32.ActiveCfg = Debug|Win32
		{4A3D226D-C5D9-4026-8B54-F833541F2313}.Debug|Win32.Build.0 = Debug|Win32
		{4A3D226D-C5D9-4026-8B54-F833541F2313}.Debug|x64.ActiveCfg = Debug|x64
		{4A3D226D-C5D9-4026-8B54-F833541F2313}.Debug|x64.Build.0 = Debug|x64
		{4A3D226D-C5D9-4026-8B54-F833541F2313}.Release|Win32.ActiveCfg = Release|Win32
		{4A3D226D-C5D9-4026-8B54-F833541F2313}.Release|Win32.Build.0 = Release|Win32
		{4C5A17E9-EE3B-42BB-D3AD-3B3EDC32A271}.Release|x64.ActiveCfg = Release|x64
		{4C5A17E9-EE3B-42BB-D3AD-3B3EDC32A271}.Release|x64.Build.0 = Release|x64
		{4C5A17E9-EE3B-42BB-D3AD-3B3EDC32A271}.Debug|Win32.ActiveCfg = Debug|Win32
		{4C5A17E9-EE3B-42BB-D3AD-3B3EDC32A271}.Debug|Win32.Build.0 = Debug|Win32
		{4C5A17E9-EE3B-42BB-D3AD-3B3EDC32A271}.Debug|x64.ActiveCfg = Debug|x64
		{4C5A17E9-EE3B-42BB-D3AD-3B3EDC32A271}.Debug|x64.Build.0 = Debug|x64
		{4C5A17E9-EE3B-42BB-D3AD-3B3EDC32A271}.Release|Win32.ActiveCfg = Release|Win32
		{4C5A17E9-EE3B-42BB-D3AD-3B3EDC32A271}.Release|Win32.Build.0 = Release|Win32
		{B63FD546-35F5-C365-738E-7335924887B4}.Release|x64.ActiveCfg = Release|x64
		{B63FD546-35F5-C365-738E-7335924887B4}.Release|x64.Build.0 = Release|x64
		{B63FD546-35F5-C365-738E-7335924887B4}.Debug|Win32.ActiveCfg = Debug|Win32
		{B63FD546-35F5-C365-738E-7335924887B4}.Debug|Win32.Build.0 = Debug|Win32
		{B63FD546-35F5-C365-738E-7335924887B4}.Debug|x64.ActiveCfg = Debug|x64
		{B63FD546-35F5-C365-738E-7335924887B4}.Debug|x64.Build.0 = Debug|x64
		{B63FD546-35F5-C365-738E-7335924887B4}.Release|Win32.ActiveCfg = Release|Win32
		{B63FD546-35F5-C365-738E-7335924887B4}.Release|Win32.Build.0 = Release|Win32
		{C848244F-BA5C-A836-FF34-6FE0A2B6800F}.Release|x64.ActiveCfg = Release|x64
		{C848244F-BA5C-A836-FF34-6FE0A2B6800F}.Release|x64.Build.0 = Release|x64
		{C848244F-BA5C-A836-FF34-6FE0A2B6800F}.Debug|Win32.ActiveCfg = Debug|Win32
		{C848244F-BA5C-A836-FF34-6FE0A2B6800F}.Debug|Win32.Build.0 = Debug|Win32
		{C848244F-BA5C-A836-FF34-6FE0A2B6800F}.Debug|x64.ActiveCfg = Debug|x64
		{C848244F-BA5C-A836-FF34-6FE0A2B6800F}.Debug|x64.Build.0 = Debug|x64
		{C848244F-BA5C-A836-FF34-6FE0A2B6800F}.Release|Win32.ActiveCfg = Release|Win32
		{C848244F-BA5C-A836-FF34-6FE0A2B6800F}.Release|Win32.Build.0 = Release|Win32
		{CE173CA2-56B6-9444-58AF-FC1FAC338D55}.Release|x64.ActiveCfg = Release|x64
		{CE173CA2-56B6-9444-58AF-FC1FAC338D55}.Release|x64.Build.0 = Release|x64
		{CE173CA2-56B6-9444-58AF-FC1FAC338D55}.Debug|Win32.ActiveCfg = Debug|Win32
		{CE173CA2-56B6-9444-58AF-FC1FAC338D55}.Debug|Win32.Build.0 = Debug|Win32
		{CE173CA2-56B6-9444-58AF-FC1FAC338D55}.Debug|x64.ActiveCfg = Debug|x64
		{CE173CA2-56B6-9444-58AF-FC1FAC338D55}.Debug|x64.Build.0 = Debug|x64
		{CE173CA2-56B6-9444-58AF-FC1FAC338D55}.Release|Win32.ActiveCfg = Release|Win32
		{CE173CA2-56B6-9444-58AF-FC1FAC338D55}.Release|Win32.Build.0 = Release|Win32
		{E9643E8F-DFDA-D7A3-D57F-28B1749AE2C4}.Release|x64.ActiveCfg = Release|x64
		{E9643E8F-DFDA-D7A3-D57F-28B1749AE2C4}.Release|x64.Build.0 = Release|x64
		{E9643E8F-DFDA-D7A3-D57F-28B1749AE2C4}.Debug|Win32.ActiveCfg = Debug|Win32
		{E9643E8F-DFDA-D7A3-D57F-28B1749AE2C4}.Debug|Win32.Build.0 = Debug|Win32
		{E9643E8F-DFDA-D7A3-D57F-28B1749AE2C4}.Debug|x64.ActiveCfg = Debug|x64
		{E9643E8F-DFDA-D7A3-D57F-28B1749AE2C4}.Debug|x64.Build.0 = Debug|x64
		{E9643E8F-DFDA-D7A3-D57F-28B1749AE2C4}.Release|Win32.ActiveCfg = Release|Win32
		{E9643E8F-DFDA-D7A3-D57F-28B1749AE2C4}.Release|Win32.Build.0 = Release|Win32
		{F10B3C13-4A97-519D-544D-AA75BB756ECE}.Release|x64.ActiveCfg = Release|x64
		{F10B3C13-4A97-519D-544D-AA75BB756ECE}.Release|x64.Build.0 = Release|x64
		{F10B3C13-4A97-519D-544D-AA75BB756ECE}.Debug|Win32.ActiveCfg = Debug|Win32
		{F10B3C13-4A97-519D-544D-AA75BB756ECE}.Debug|Win32.Build.0 = Debug|Win32
		{F10B3C13-4A97-519D-544D-AA75BB756ECE}.Debug|x64.ActiveCfg = Debug|x64
		{F10B3C13-4A97-519D-544D-AA75BB756ECE}.Debug|x64.Build.0 = Debug|x64
		{F10B3C13-4A97-519D-544D-AA75BB756ECE}.Release|Win32.ActiveCfg = Release|Win32
		{F10B3C13-4A97-519D-544D-AA75BB756ECE}.Release|Win32.Build.0 = Release|Win32
	EndGlobalSection
	GlobalSection(SolutionProperties) = preSolution
		HideSolutionNode = FALSE
	EndGlobalSection
	GlobalSection(NestedProjects) = preSolution
		{E9643E8F-DFDA-D7A3-D57F-28B1749AE2C4} = {9785FB75-982A-5DE3-252D-3F288B9FEF5B}
		{1C4B5F78-86C7-C060-3AA4-3AD09BA54F62} = {6E739A16-1324-5F4E-B3DD-D8BBDA9938E5}
		{4C5A17E9-EE3B-42BB-D3AD-3B3EDC32A271} = {829C43DA-1372-614D-F044-340432AECC41}
		{4A3D226D-C5D9-4026-8B54-F833541F2313} = {829C43DA-1372-614D-F044-340432AECC41}
		{46A0C150-F7CB-2A5F-6F71-DCF5AA99EC04} = {829C43DA-1372-614D-F044-340432AECC41}
		{CE173CA2-56B6-9444-58AF-FC1FAC338D55} = {829C43DA-1372-614D-F044-340432AECC41}
		{B63FD546-35F5-C365-738E-7335924887B4} = {829C43DA-1372-614D-F044-340432AECC41}
		{F10B3C13-4A97-519D-544D-AA75BB756ECE} = {829C43DA-1372-614D-F044-340432AECC41}
		{C848244F-BA5C-A836-FF34-6FE0A2B6800F} = {829C43DA-1372-614D-F044-340432AECC41}
	EndGlobalSection
EndGlobal
